PODS:
  - Alamofire (4.4.0)
  - LKAPI (1.3.0):
    - Alamofire

DEPENDENCIES:
  - Alamofire
  - LKAPI (from `../`)

EXTERNAL SOURCES:
  LKAPI:
    :path: ../

SPEC CHECKSUMS:
  Alamofire: dc44b1600b800eb63da6a19039a0083d62a6a62d
  LKAPI: c83a76f667f508ffdbd21f70f2bc5ac95da47f5b

PODFILE CHECKSUM: 0293954057b7f5af945b7e06279b1d86a8c755f1

COCOAPODS: 1.2.1
