PODS:
  - Alamofire (4.4.0)
  - LKAPI (1.4.1):
    - Alamofire

DEPENDENCIES:
  - Alamofire
  - LKAPI (from `../`)

EXTERNAL SOURCES:
  LKAPI:
    :path: "../"

SPEC CHECKSUMS:
  Alamofire: dc44b1600b800eb63da6a19039a0083d62a6a62d
  LKAPI: 00db24f0a93d1eaf62bacb3c594343878c8b5e92

PODFILE CHECKSUM: '0293954057b7f5af945b7e06279b1d86a8c755f1'

COCOAPODS: 1.2.1
